// !$*UTF8*$!
{
	archiveVersion = 1;
	classes = {
	};
	objectVersion = 52;
	objects = {

/* Begin PBXBuildFile section */
		A524389C25FD22000010B2F6 /* Array + Utilities.swift in Sources */ = {isa = PBXBuildFile; fileRef = A524389B25FD22000010B2F6 /* Array + Utilities.swift */; };
		A524389F25FD227A0010B2F6 /* CheckListView.swift in Sources */ = {isa = PBXBuildFile; fileRef = A524389E25FD227A0010B2F6 /* CheckListView.swift */; };
		A52438A225FD3F7B0010B2F6 /* PlayerView.swift in Sources */ = {isa = PBXBuildFile; fileRef = A52438A125FD3F7B0010B2F6 /* PlayerView.swift */; };
		A54301DA25F17CE600519273 /* PartialSheet in Frameworks */ = {isa = PBXBuildFile; productRef = A54301D925F17CE600519273 /* PartialSheet */; };
		A54BD62125EAACF7003A061B /* Map.swift in Sources */ = {isa = PBXBuildFile; fileRef = A54BD62025EAACF7003A061B /* Map.swift */; };
		A554596B25EBE5E000E58863 /* MapView.swift in Sources */ = {isa = PBXBuildFile; fileRef = A554596A25EBE5E000E58863 /* MapView.swift */; };
		A554B70125D7E5990049AED3 /* CurrentWeather.swift in Sources */ = {isa = PBXBuildFile; fileRef = A554B70025D7E5990049AED3 /* CurrentWeather.swift */; };
		A554B70525D83D4B0049AED3 /* WeeklyWeather.swift in Sources */ = {isa = PBXBuildFile; fileRef = A554B70425D83D4B0049AED3 /* WeeklyWeather.swift */; };
		A55A765B25F3B60900501EA4 /* TilesModel.swift in Sources */ = {isa = PBXBuildFile; fileRef = A55A765A25F3B60900501EA4 /* TilesModel.swift */; };
		A55A766025F4E63C00501EA4 /* TilesViewModel.swift in Sources */ = {isa = PBXBuildFile; fileRef = A55A765F25F4E63C00501EA4 /* TilesViewModel.swift */; };
		A56BA5D425CFE00900A39F7A /* WeatherInfo.swift in Sources */ = {isa = PBXBuildFile; fileRef = A56BA5D325CFE00900A39F7A /* WeatherInfo.swift */; };
		A585CBC725D9205900A121DF /* Localizable.strings in Resources */ = {isa = PBXBuildFile; fileRef = A585CBC925D9205900A121DF /* Localizable.strings */; };
		A594D6F525CF0F9B0095412C /* WeatherModel.swift in Sources */ = {isa = PBXBuildFile; fileRef = A594D6F425CF0F9B0095412C /* WeatherModel.swift */; };
		A594D6F825CF11D50095412C /* String + Utilities.swift in Sources */ = {isa = PBXBuildFile; fileRef = A594D6F725CF11D50095412C /* String + Utilities.swift */; };
		A594D6FD25CF17900095412C /* WeatherViewModel.swift in Sources */ = {isa = PBXBuildFile; fileRef = A594D6FC25CF17900095412C /* WeatherViewModel.swift */; };
		A595F6E325A1C68300E1A079 /* SwiftUIWeatherAppApp.swift in Sources */ = {isa = PBXBuildFile; fileRef = A595F6E225A1C68300E1A079 /* SwiftUIWeatherAppApp.swift */; };
		A595F6E525A1C68300E1A079 /* ContentView.swift in Sources */ = {isa = PBXBuildFile; fileRef = A595F6E425A1C68300E1A079 /* ContentView.swift */; };
		A595F6E725A1C68600E1A079 /* Assets.xcassets in Resources */ = {isa = PBXBuildFile; fileRef = A595F6E625A1C68600E1A079 /* Assets.xcassets */; };
		A595F6EA25A1C68600E1A079 /* Preview Assets.xcassets in Resources */ = {isa = PBXBuildFile; fileRef = A595F6E925A1C68600E1A079 /* Preview Assets.xcassets */; };
		A595F6F325A1E83300E1A079 /* WeeklyWeatherView.swift in Sources */ = {isa = PBXBuildFile; fileRef = A595F6F225A1E83300E1A079 /* WeeklyWeatherView.swift */; };
		A59CF64125E254A700B7E9B7 /* DateManager.swift in Sources */ = {isa = PBXBuildFile; fileRef = A59CF64025E254A700B7E9B7 /* DateManager.swift */; };
		A59CF64425E254E800B7E9B7 /* UserPreferences.swift in Sources */ = {isa = PBXBuildFile; fileRef = A59CF64325E254E800B7E9B7 /* UserPreferences.swift */; };
		A59CF64925E25C2400B7E9B7 /* SettingsView.swift in Sources */ = {isa = PBXBuildFile; fileRef = A59CF64825E25C2400B7E9B7 /* SettingsView.swift */; };
		A59CF64C25E25C7A00B7E9B7 /* Navigation_Modifier.swift in Sources */ = {isa = PBXBuildFile; fileRef = A59CF64B25E25C7A00B7E9B7 /* Navigation_Modifier.swift */; };
		A5AAC1B625E1411300096C7F /* Unwrapper.swift in Sources */ = {isa = PBXBuildFile; fileRef = A5AAC1B525E1411300096C7F /* Unwrapper.swift */; };
		A5DB3F8A25E4480300378FC5 /* UserPreferenceViewModel.swift in Sources */ = {isa = PBXBuildFile; fileRef = A5DB3F8925E4480300378FC5 /* UserPreferenceViewModel.swift */; };
/* End PBXBuildFile section */

/* Begin PBXFileReference section */
		A524389B25FD22000010B2F6 /* Array + Utilities.swift */ = {isa = PBXFileReference; lastKnownFileType = sourcecode.swift; path = "Array + Utilities.swift"; sourceTree = "<group>"; };
		A524389E25FD227A0010B2F6 /* CheckListView.swift */ = {isa = PBXFileReference; lastKnownFileType = sourcecode.swift; path = CheckListView.swift; sourceTree = "<group>"; };
		A52438A125FD3F7B0010B2F6 /* PlayerView.swift */ = {isa = PBXFileReference; lastKnownFileType = sourcecode.swift; path = PlayerView.swift; sourceTree = "<group>"; };
		A54BD62025EAACF7003A061B /* Map.swift */ = {isa = PBXFileReference; lastKnownFileType = sourcecode.swift; path = Map.swift; sourceTree = "<group>"; };
		A554596A25EBE5E000E58863 /* MapView.swift */ = {isa = PBXFileReference; lastKnownFileType = sourcecode.swift; path = MapView.swift; sourceTree = "<group>"; };
		A554B70025D7E5990049AED3 /* CurrentWeather.swift */ = {isa = PBXFileReference; lastKnownFileType = sourcecode.swift; path = CurrentWeather.swift; sourceTree = "<group>"; };
		A554B70425D83D4B0049AED3 /* WeeklyWeather.swift */ = {isa = PBXFileReference; lastKnownFileType = sourcecode.swift; path = WeeklyWeather.swift; sourceTree = "<group>"; };
		A55A765A25F3B60900501EA4 /* TilesModel.swift */ = {isa = PBXFileReference; lastKnownFileType = sourcecode.swift; path = TilesModel.swift; sourceTree = "<group>"; };
		A55A765F25F4E63C00501EA4 /* TilesViewModel.swift */ = {isa = PBXFileReference; lastKnownFileType = sourcecode.swift; path = TilesViewModel.swift; sourceTree = "<group>"; };
		A56BA5D325CFE00900A39F7A /* WeatherInfo.swift */ = {isa = PBXFileReference; lastKnownFileType = sourcecode.swift; path = WeatherInfo.swift; sourceTree = "<group>"; };
		A585CBC825D9205900A121DF /* en */ = {isa = PBXFileReference; lastKnownFileType = text.plist.strings; name = en; path = en.lproj/Localizable.strings; sourceTree = "<group>"; };
		A585CBCB25D9207F00A121DF /* ru */ = {isa = PBXFileReference; lastKnownFileType = text.plist.strings; name = ru; path = ru.lproj/Localizable.strings; sourceTree = "<group>"; };
		A594D6F425CF0F9B0095412C /* WeatherModel.swift */ = {isa = PBXFileReference; lastKnownFileType = sourcecode.swift; path = WeatherModel.swift; sourceTree = "<group>"; };
		A594D6F725CF11D50095412C /* String + Utilities.swift */ = {isa = PBXFileReference; fileEncoding = 4; lastKnownFileType = sourcecode.swift; path = "String + Utilities.swift"; sourceTree = "<group>"; };
		A594D6FC25CF17900095412C /* WeatherViewModel.swift */ = {isa = PBXFileReference; lastKnownFileType = sourcecode.swift; path = WeatherViewModel.swift; sourceTree = "<group>"; };
		A595F6DF25A1C68300E1A079 /* SwiftUIWeatherApp.app */ = {isa = PBXFileReference; explicitFileType = wrapper.application; includeInIndex = 0; path = SwiftUIWeatherApp.app; sourceTree = BUILT_PRODUCTS_DIR; };
		A595F6E225A1C68300E1A079 /* SwiftUIWeatherAppApp.swift */ = {isa = PBXFileReference; lastKnownFileType = sourcecode.swift; path = SwiftUIWeatherAppApp.swift; sourceTree = "<group>"; };
		A595F6E425A1C68300E1A079 /* ContentView.swift */ = {isa = PBXFileReference; lastKnownFileType = sourcecode.swift; path = ContentView.swift; sourceTree = "<group>"; };
		A595F6E625A1C68600E1A079 /* Assets.xcassets */ = {isa = PBXFileReference; lastKnownFileType = folder.assetcatalog; path = Assets.xcassets; sourceTree = "<group>"; };
		A595F6E925A1C68600E1A079 /* Preview Assets.xcassets */ = {isa = PBXFileReference; lastKnownFileType = folder.assetcatalog; path = "Preview Assets.xcassets"; sourceTree = "<group>"; };
		A595F6EB25A1C68600E1A079 /* Info.plist */ = {isa = PBXFileReference; lastKnownFileType = text.plist.xml; path = Info.plist; sourceTree = "<group>"; };
		A595F6F225A1E83300E1A079 /* WeeklyWeatherView.swift */ = {isa = PBXFileReference; lastKnownFileType = sourcecode.swift; path = WeeklyWeatherView.swift; sourceTree = "<group>"; };
		A59CF64025E254A700B7E9B7 /* DateManager.swift */ = {isa = PBXFileReference; lastKnownFileType = sourcecode.swift; path = DateManager.swift; sourceTree = "<group>"; };
		A59CF64325E254E800B7E9B7 /* UserPreferences.swift */ = {isa = PBXFileReference; lastKnownFileType = sourcecode.swift; path = UserPreferences.swift; sourceTree = "<group>"; };
		A59CF64825E25C2400B7E9B7 /* SettingsView.swift */ = {isa = PBXFileReference; lastKnownFileType = sourcecode.swift; path = SettingsView.swift; sourceTree = "<group>"; };
		A59CF64B25E25C7A00B7E9B7 /* Navigation_Modifier.swift */ = {isa = PBXFileReference; lastKnownFileType = sourcecode.swift; path = Navigation_Modifier.swift; sourceTree = "<group>"; };
		A5AAC1B525E1411300096C7F /* Unwrapper.swift */ = {isa = PBXFileReference; lastKnownFileType = sourcecode.swift; path = Unwrapper.swift; sourceTree = "<group>"; };
		A5DB3F8925E4480300378FC5 /* UserPreferenceViewModel.swift */ = {isa = PBXFileReference; lastKnownFileType = sourcecode.swift; path = UserPreferenceViewModel.swift; sourceTree = "<group>"; };
/* End PBXFileReference section */

/* Begin PBXFrameworksBuildPhase section */
		A595F6DC25A1C68300E1A079 /* Frameworks */ = {
			isa = PBXFrameworksBuildPhase;
			buildActionMask = 2147483647;
			files = (
				A54301DA25F17CE600519273 /* PartialSheet in Frameworks */,
			);
			runOnlyForDeploymentPostprocessing = 0;
		};
/* End PBXFrameworksBuildPhase section */

/* Begin PBXGroup section */
		A554596825EBE5BC00E58863 /* MapView */ = {
			isa = PBXGroup;
			children = (
				A54BD62025EAACF7003A061B /* Map.swift */,
				A554596A25EBE5E000E58863 /* MapView.swift */,
				A524389E25FD227A0010B2F6 /* CheckListView.swift */,
				A52438A125FD3F7B0010B2F6 /* PlayerView.swift */,
			);
			path = MapView;
			sourceTree = "<group>";
		};
		A554596E25EC3D1300E58863 /* Extensions */ = {
			isa = PBXGroup;
			children = (
				A594D6F725CF11D50095412C /* String + Utilities.swift */,
				A524389B25FD22000010B2F6 /* Array + Utilities.swift */,
			);
			path = Extensions;
			sourceTree = "<group>";
		};
		A554596F25EC3D2600E58863 /* ViewModifiers */ = {
			isa = PBXGroup;
			children = (
				A59CF64B25E25C7A00B7E9B7 /* Navigation_Modifier.swift */,
			);
			path = ViewModifiers;
			sourceTree = "<group>";
		};
		A554B70725D83D530049AED3 /* WeatherData */ = {
			isa = PBXGroup;
			children = (
				A554B70025D7E5990049AED3 /* CurrentWeather.swift */,
				A554B70425D83D4B0049AED3 /* WeeklyWeather.swift */,
			);
			path = WeatherData;
			sourceTree = "<group>";
		};
		A55A765925F3B5F400501EA4 /* TilesModel */ = {
			isa = PBXGroup;
			children = (
				A55A765A25F3B60900501EA4 /* TilesModel.swift */,
				A55A765F25F4E63C00501EA4 /* TilesViewModel.swift */,
			);
			path = TilesModel;
			sourceTree = "<group>";
		};
		A594D6FA25CF11D90095412C /* Utilities */ = {
			isa = PBXGroup;
			children = (
				A554596F25EC3D2600E58863 /* ViewModifiers */,
				A554596E25EC3D1300E58863 /* Extensions */,
				A5AAC1B525E1411300096C7F /* Unwrapper.swift */,
			);
			path = Utilities;
			sourceTree = "<group>";
		};
		A594D6FF25CFDC2C0095412C /* Models */ = {
			isa = PBXGroup;
			children = (
				A55A765925F3B5F400501EA4 /* TilesModel */,
				A5DB3F8825E447D800378FC5 /* UserPreferenceModel */,
				A5DB3F8725E447B500378FC5 /* WeatherModel */,
			);
			path = Models;
			sourceTree = "<group>";
		};
		A594D70025CFDC350095412C /* Views */ = {
			isa = PBXGroup;
			children = (
				A595F6E425A1C68300E1A079 /* ContentView.swift */,
				A595F6F225A1E83300E1A079 /* WeeklyWeatherView.swift */,
				A59CF64825E25C2400B7E9B7 /* SettingsView.swift */,
				A554596825EBE5BC00E58863 /* MapView */,
			);
			path = Views;
			sourceTree = "<group>";
		};
		A595F6D625A1C68300E1A079 = {
			isa = PBXGroup;
			children = (
				A595F6E125A1C68300E1A079 /* SwiftUIWeatherApp */,
				A595F6E025A1C68300E1A079 /* Products */,
			);
			sourceTree = "<group>";
		};
		A595F6E025A1C68300E1A079 /* Products */ = {
			isa = PBXGroup;
			children = (
				A595F6DF25A1C68300E1A079 /* SwiftUIWeatherApp.app */,
			);
			name = Products;
			sourceTree = "<group>";
		};
		A595F6E125A1C68300E1A079 /* SwiftUIWeatherApp */ = {
			isa = PBXGroup;
			children = (
				A595F6E225A1C68300E1A079 /* SwiftUIWeatherAppApp.swift */,
				A594D70025CFDC350095412C /* Views */,
				A59CF63F25E2549A00B7E9B7 /* Managers */,
				A594D6FF25CFDC2C0095412C /* Models */,
				A594D6FA25CF11D90095412C /* Utilities */,
				A595F6E625A1C68600E1A079 /* Assets.xcassets */,
				A595F6EB25A1C68600E1A079 /* Info.plist */,
				A585CBC925D9205900A121DF /* Localizable.strings */,
				A595F6E825A1C68600E1A079 /* Preview Content */,
			);
			path = SwiftUIWeatherApp;
			sourceTree = "<group>";
		};
		A595F6E825A1C68600E1A079 /* Preview Content */ = {
			isa = PBXGroup;
			children = (
				A595F6E925A1C68600E1A079 /* Preview Assets.xcassets */,
			);
			path = "Preview Content";
			sourceTree = "<group>";
		};
		A59CF63F25E2549A00B7E9B7 /* Managers */ = {
			isa = PBXGroup;
			children = (
				A59CF64025E254A700B7E9B7 /* DateManager.swift */,
			);
			path = Managers;
			sourceTree = "<group>";
		};
		A5DB3F8725E447B500378FC5 /* WeatherModel */ = {
			isa = PBXGroup;
			children = (
				A594D6FC25CF17900095412C /* WeatherViewModel.swift */,
				A594D6F425CF0F9B0095412C /* WeatherModel.swift */,
				A56BA5D325CFE00900A39F7A /* WeatherInfo.swift */,
				A554B70725D83D530049AED3 /* WeatherData */,
			);
			path = WeatherModel;
			sourceTree = "<group>";
		};
		A5DB3F8825E447D800378FC5 /* UserPreferenceModel */ = {
			isa = PBXGroup;
			children = (
				A59CF64325E254E800B7E9B7 /* UserPreferences.swift */,
				A5DB3F8925E4480300378FC5 /* UserPreferenceViewModel.swift */,
			);
			path = UserPreferenceModel;
			sourceTree = "<group>";
		};
/* End PBXGroup section */

/* Begin PBXNativeTarget section */
		A595F6DE25A1C68300E1A079 /* SwiftUIWeatherApp */ = {
			isa = PBXNativeTarget;
			buildConfigurationList = A595F6EE25A1C68600E1A079 /* Build configuration list for PBXNativeTarget "SwiftUIWeatherApp" */;
			buildPhases = (
				A595F6DB25A1C68300E1A079 /* Sources */,
				A595F6DC25A1C68300E1A079 /* Frameworks */,
				A595F6DD25A1C68300E1A079 /* Resources */,
			);
			buildRules = (
			);
			dependencies = (
			);
			name = SwiftUIWeatherApp;
			packageProductDependencies = (
				A54301D925F17CE600519273 /* PartialSheet */,
			);
			productName = SwiftUIWeatherApp;
			productReference = A595F6DF25A1C68300E1A079 /* SwiftUIWeatherApp.app */;
			productType = "com.apple.product-type.application";
		};
/* End PBXNativeTarget section */

/* Begin PBXProject section */
		A595F6D725A1C68300E1A079 /* Project object */ = {
			isa = PBXProject;
			attributes = {
				LastSwiftUpdateCheck = 1210;
				LastUpgradeCheck = 1210;
				TargetAttributes = {
					A595F6DE25A1C68300E1A079 = {
						CreatedOnToolsVersion = 12.1;
					};
				};
			};
			buildConfigurationList = A595F6DA25A1C68300E1A079 /* Build configuration list for PBXProject "SwiftUIWeatherApp" */;
			compatibilityVersion = "Xcode 9.3";
			developmentRegion = en;
			hasScannedForEncodings = 0;
			knownRegions = (
				en,
				Base,
				ru,
			);
			mainGroup = A595F6D625A1C68300E1A079;
			packageReferences = (
				A54301D825F17CE600519273 /* XCRemoteSwiftPackageReference "PartialSheet" */,
			);
			productRefGroup = A595F6E025A1C68300E1A079 /* Products */;
			projectDirPath = "";
			projectRoot = "";
			targets = (
				A595F6DE25A1C68300E1A079 /* SwiftUIWeatherApp */,
			);
		};
/* End PBXProject section */

/* Begin PBXResourcesBuildPhase section */
		A595F6DD25A1C68300E1A079 /* Resources */ = {
			isa = PBXResourcesBuildPhase;
			buildActionMask = 2147483647;
			files = (
				A595F6EA25A1C68600E1A079 /* Preview Assets.xcassets in Resources */,
				A585CBC725D9205900A121DF /* Localizable.strings in Resources */,
				A595F6E725A1C68600E1A079 /* Assets.xcassets in Resources */,
			);
			runOnlyForDeploymentPostprocessing = 0;
		};
/* End PBXResourcesBuildPhase section */

/* Begin PBXSourcesBuildPhase section */
		A595F6DB25A1C68300E1A079 /* Sources */ = {
			isa = PBXSourcesBuildPhase;
			buildActionMask = 2147483647;
			files = (
				A594D6F825CF11D50095412C /* String + Utilities.swift in Sources */,
				A54BD62125EAACF7003A061B /* Map.swift in Sources */,
				A59CF64425E254E800B7E9B7 /* UserPreferences.swift in Sources */,
				A52438A225FD3F7B0010B2F6 /* PlayerView.swift in Sources */,
				A5DB3F8A25E4480300378FC5 /* UserPreferenceViewModel.swift in Sources */,
				A594D6FD25CF17900095412C /* WeatherViewModel.swift in Sources */,
				A5AAC1B625E1411300096C7F /* Unwrapper.swift in Sources */,
				A554B70125D7E5990049AED3 /* CurrentWeather.swift in Sources */,
				A554B70525D83D4B0049AED3 /* WeeklyWeather.swift in Sources */,
				A595F6E525A1C68300E1A079 /* ContentView.swift in Sources */,
				A554596B25EBE5E000E58863 /* MapView.swift in Sources */,
				A595F6F325A1E83300E1A079 /* WeeklyWeatherView.swift in Sources */,
				A59CF64C25E25C7A00B7E9B7 /* Navigation_Modifier.swift in Sources */,
				A59CF64125E254A700B7E9B7 /* DateManager.swift in Sources */,
				A594D6F525CF0F9B0095412C /* WeatherModel.swift in Sources */,
				A595F6E325A1C68300E1A079 /* SwiftUIWeatherAppApp.swift in Sources */,
				A56BA5D425CFE00900A39F7A /* WeatherInfo.swift in Sources */,
				A524389C25FD22000010B2F6 /* Array + Utilities.swift in Sources */,
				A524389F25FD227A0010B2F6 /* CheckListView.swift in Sources */,
				A55A765B25F3B60900501EA4 /* TilesModel.swift in Sources */,
				A55A766025F4E63C00501EA4 /* TilesViewModel.swift in Sources */,
				A59CF64925E25C2400B7E9B7 /* SettingsView.swift in Sources */,
			);
			runOnlyForDeploymentPostprocessing = 0;
		};
/* End PBXSourcesBuildPhase section */

/* Begin PBXVariantGroup section */
		A585CBC925D9205900A121DF /* Localizable.strings */ = {
			isa = PBXVariantGroup;
			children = (
				A585CBC825D9205900A121DF /* en */,
				A585CBCB25D9207F00A121DF /* ru */,
			);
			name = Localizable.strings;
			sourceTree = "<group>";
		};
/* End PBXVariantGroup section */

/* Begin XCBuildConfiguration section */
		A595F6EC25A1C68600E1A079 /* Debug */ = {
			isa = XCBuildConfiguration;
			buildSettings = {
				ALWAYS_SEARCH_USER_PATHS = NO;
				CLANG_ANALYZER_LOCALIZABILITY_NONLOCALIZED = YES;
				CLANG_ANALYZER_NONNULL = YES;
				CLANG_ANALYZER_NUMBER_OBJECT_CONVERSION = YES_AGGRESSIVE;
				CLANG_CXX_LANGUAGE_STANDARD = "gnu++14";
				CLANG_CXX_LIBRARY = "libc++";
				CLANG_ENABLE_MODULES = YES;
				CLANG_ENABLE_OBJC_ARC = YES;
				CLANG_ENABLE_OBJC_WEAK = YES;
				CLANG_WARN_BLOCK_CAPTURE_AUTORELEASING = YES;
				CLANG_WARN_BOOL_CONVERSION = YES;
				CLANG_WARN_COMMA = YES;
				CLANG_WARN_CONSTANT_CONVERSION = YES;
				CLANG_WARN_DEPRECATED_OBJC_IMPLEMENTATIONS = YES;
				CLANG_WARN_DIRECT_OBJC_ISA_USAGE = YES_ERROR;
				CLANG_WARN_DOCUMENTATION_COMMENTS = YES;
				CLANG_WARN_EMPTY_BODY = YES;
				CLANG_WARN_ENUM_CONVERSION = YES;
				CLANG_WARN_INFINITE_RECURSION = YES;
				CLANG_WARN_INT_CONVERSION = YES;
				CLANG_WARN_NON_LITERAL_NULL_CONVERSION = YES;
				CLANG_WARN_OBJC_IMPLICIT_RETAIN_SELF = YES;
				CLANG_WARN_OBJC_LITERAL_CONVERSION = YES;
				CLANG_WARN_OBJC_ROOT_CLASS = YES_ERROR;
				CLANG_WARN_QUOTED_INCLUDE_IN_FRAMEWORK_HEADER = YES;
				CLANG_WARN_RANGE_LOOP_ANALYSIS = YES;
				CLANG_WARN_STRICT_PROTOTYPES = YES;
				CLANG_WARN_SUSPICIOUS_MOVE = YES;
				CLANG_WARN_UNGUARDED_AVAILABILITY = YES_AGGRESSIVE;
				CLANG_WARN_UNREACHABLE_CODE = YES;
				CLANG_WARN__DUPLICATE_METHOD_MATCH = YES;
				COPY_PHASE_STRIP = NO;
				DEBUG_INFORMATION_FORMAT = dwarf;
				ENABLE_STRICT_OBJC_MSGSEND = YES;
				ENABLE_TESTABILITY = YES;
				GCC_C_LANGUAGE_STANDARD = gnu11;
				GCC_DYNAMIC_NO_PIC = NO;
				GCC_NO_COMMON_BLOCKS = YES;
				GCC_OPTIMIZATION_LEVEL = 0;
				GCC_PREPROCESSOR_DEFINITIONS = (
					"DEBUG=1",
					"$(inherited)",
				);
				GCC_WARN_64_TO_32_BIT_CONVERSION = YES;
				GCC_WARN_ABOUT_RETURN_TYPE = YES_ERROR;
				GCC_WARN_UNDECLARED_SELECTOR = YES;
				GCC_WARN_UNINITIALIZED_AUTOS = YES_AGGRESSIVE;
				GCC_WARN_UNUSED_FUNCTION = YES;
				GCC_WARN_UNUSED_VARIABLE = YES;
				IPHONEOS_DEPLOYMENT_TARGET = 14.1;
				MTL_ENABLE_DEBUG_INFO = INCLUDE_SOURCE;
				MTL_FAST_MATH = YES;
				ONLY_ACTIVE_ARCH = YES;
				SDKROOT = iphoneos;
				SWIFT_ACTIVE_COMPILATION_CONDITIONS = DEBUG;
				SWIFT_OPTIMIZATION_LEVEL = "-Onone";
			};
			name = Debug;
		};
		A595F6ED25A1C68600E1A079 /* Release */ = {
			isa = XCBuildConfiguration;
			buildSettings = {
				ALWAYS_SEARCH_USER_PATHS = NO;
				CLANG_ANALYZER_LOCALIZABILITY_NONLOCALIZED = YES;
				CLANG_ANALYZER_NONNULL = YES;
				CLANG_ANALYZER_NUMBER_OBJECT_CONVERSION = YES_AGGRESSIVE;
				CLANG_CXX_LANGUAGE_STANDARD = "gnu++14";
				CLANG_CXX_LIBRARY = "libc++";
				CLANG_ENABLE_MODULES = YES;
				CLANG_ENABLE_OBJC_ARC = YES;
				CLANG_ENABLE_OBJC_WEAK = YES;
				CLANG_WARN_BLOCK_CAPTURE_AUTORELEASING = YES;
				CLANG_WARN_BOOL_CONVERSION = YES;
				CLANG_WARN_COMMA = YES;
				CLANG_WARN_CONSTANT_CONVERSION = YES;
				CLANG_WARN_DEPRECATED_OBJC_IMPLEMENTATIONS = YES;
				CLANG_WARN_DIRECT_OBJC_ISA_USAGE = YES_ERROR;
				CLANG_WARN_DOCUMENTATION_COMMENTS = YES;
				CLANG_WARN_EMPTY_BODY = YES;
				CLANG_WARN_ENUM_CONVERSION = YES;
				CLANG_WARN_INFINITE_RECURSION = YES;
				CLANG_WARN_INT_CONVERSION = YES;
				CLANG_WARN_NON_LITERAL_NULL_CONVERSION = YES;
				CLANG_WARN_OBJC_IMPLICIT_RETAIN_SELF = YES;
				CLANG_WARN_OBJC_LITERAL_CONVERSION = YES;
				CLANG_WARN_OBJC_ROOT_CLASS = YES_ERROR;
				CLANG_WARN_QUOTED_INCLUDE_IN_FRAMEWORK_HEADER = YES;
				CLANG_WARN_RANGE_LOOP_ANALYSIS = YES;
				CLANG_WARN_STRICT_PROTOTYPES = YES;
				CLANG_WARN_SUSPICIOUS_MOVE = YES;
				CLANG_WARN_UNGUARDED_AVAILABILITY = YES_AGGRESSIVE;
				CLANG_WARN_UNREACHABLE_CODE = YES;
				CLANG_WARN__DUPLICATE_METHOD_MATCH = YES;
				COPY_PHASE_STRIP = NO;
				DEBUG_INFORMATION_FORMAT = "dwarf-with-dsym";
				ENABLE_NS_ASSERTIONS = NO;
				ENABLE_STRICT_OBJC_MSGSEND = YES;
				GCC_C_LANGUAGE_STANDARD = gnu11;
				GCC_NO_COMMON_BLOCKS = YES;
				GCC_WARN_64_TO_32_BIT_CONVERSION = YES;
				GCC_WARN_ABOUT_RETURN_TYPE = YES_ERROR;
				GCC_WARN_UNDECLARED_SELECTOR = YES;
				GCC_WARN_UNINITIALIZED_AUTOS = YES_AGGRESSIVE;
				GCC_WARN_UNUSED_FUNCTION = YES;
				GCC_WARN_UNUSED_VARIABLE = YES;
				IPHONEOS_DEPLOYMENT_TARGET = 14.1;
				MTL_ENABLE_DEBUG_INFO = NO;
				MTL_FAST_MATH = YES;
				SDKROOT = iphoneos;
				SWIFT_COMPILATION_MODE = wholemodule;
				SWIFT_OPTIMIZATION_LEVEL = "-O";
				VALIDATE_PRODUCT = YES;
			};
			name = Release;
		};
		A595F6EF25A1C68600E1A079 /* Debug */ = {
			isa = XCBuildConfiguration;
			buildSettings = {
				ASSETCATALOG_COMPILER_APPICON_NAME = AppIcon;
				ASSETCATALOG_COMPILER_GLOBAL_ACCENT_COLOR_NAME = AccentColor;
				CODE_SIGN_STYLE = Automatic;
				DEVELOPMENT_ASSET_PATHS = "\"SwiftUIWeatherApp/Preview Content\"";
				DEVELOPMENT_TEAM = HUYT8H6334;
				ENABLE_PREVIEWS = YES;
				INFOPLIST_FILE = SwiftUIWeatherApp/Info.plist;
				IPHONEOS_DEPLOYMENT_TARGET = 14.0;
				LD_RUNPATH_SEARCH_PATHS = (
					"$(inherited)",
					"@executable_path/Frameworks",
				);
				PRODUCT_BUNDLE_IDENTIFIER = SashaCompany.SwiftUIWeatherApp;
				PRODUCT_NAME = "$(TARGET_NAME)";
				SWIFT_VERSION = 5.0;
				TARGETED_DEVICE_FAMILY = "1,2";
			};
			name = Debug;
		};
		A595F6F025A1C68600E1A079 /* Release */ = {
			isa = XCBuildConfiguration;
			buildSettings = {
				ASSETCATALOG_COMPILER_APPICON_NAME = AppIcon;
				ASSETCATALOG_COMPILER_GLOBAL_ACCENT_COLOR_NAME = AccentColor;
				CODE_SIGN_STYLE = Automatic;
				DEVELOPMENT_ASSET_PATHS = "\"SwiftUIWeatherApp/Preview Content\"";
				DEVELOPMENT_TEAM = HUYT8H6334;
				ENABLE_PREVIEWS = YES;
				INFOPLIST_FILE = SwiftUIWeatherApp/Info.plist;
				IPHONEOS_DEPLOYMENT_TARGET = 14.0;
				LD_RUNPATH_SEARCH_PATHS = (
					"$(inherited)",
					"@executable_path/Frameworks",
				);
				PRODUCT_BUNDLE_IDENTIFIER = SashaCompany.SwiftUIWeatherApp;
				PRODUCT_NAME = "$(TARGET_NAME)";
				SWIFT_VERSION = 5.0;
				TARGETED_DEVICE_FAMILY = "1,2";
			};
			name = Release;
		};
/* End XCBuildConfiguration section */

/* Begin XCConfigurationList section */
		A595F6DA25A1C68300E1A079 /* Build configuration list for PBXProject "SwiftUIWeatherApp" */ = {
			isa = XCConfigurationList;
			buildConfigurations = (
				A595F6EC25A1C68600E1A079 /* Debug */,
				A595F6ED25A1C68600E1A079 /* Release */,
			);
			defaultConfigurationIsVisible = 0;
			defaultConfigurationName = Release;
		};
		A595F6EE25A1C68600E1A079 /* Build configuration list for PBXNativeTarget "SwiftUIWeatherApp" */ = {
			isa = XCConfigurationList;
			buildConfigurations = (
				A595F6EF25A1C68600E1A079 /* Debug */,
				A595F6F025A1C68600E1A079 /* Release */,
			);
			defaultConfigurationIsVisible = 0;
			defaultConfigurationName = Release;
		};
/* End XCConfigurationList section */

/* Begin XCRemoteSwiftPackageReference section */
		A54301D825F17CE600519273 /* XCRemoteSwiftPackageReference "PartialSheet" */ = {
			isa = XCRemoteSwiftPackageReference;
			repositoryURL = "https://github.com/AndreaMiotto/PartialSheet";
			requirement = {
				kind = upToNextMajorVersion;
				minimumVersion = 2.1.11;
			};
		};
/* End XCRemoteSwiftPackageReference section */

/* Begin XCSwiftPackageProductDependency section */
		A54301D925F17CE600519273 /* PartialSheet */ = {
			isa = XCSwiftPackageProductDependency;
			package = A54301D825F17CE600519273 /* XCRemoteSwiftPackageReference "PartialSheet" */;
			productName = PartialSheet;
		};
/* End XCSwiftPackageProductDependency section */
	};
	rootObject = A595F6D725A1C68300E1A079 /* Project object */;
}
