{
  "object": {
    "pins": [
      {
        "package": "Marquee",
        "repositoryURL": "https://github.com/SwiftUIKit/Marquee",
        "state": {
          "branch": null,
          "revision": "d8e49bfceff40b67dd10ff2619fb205ed5016ad1",
          "version": "0.2.1"
        }
      },
      {
        "package": "PartialSheet",
        "repositoryURL": "https://github.com/AndreaMiotto/PartialSheet",
        "state": {
          "branch": null,
          "revision": "936465232b6399e402e79d5b031622af9a5e9960",
          "version": "2.1.11"
        }
      }
    ]
  },
  "version": 1
}
